
Microsoft Visual Studio Solution File, Format Version 12.00
# Visual Studio Version 16
VisualStudioVersion = 16.0.29424.173
MinimumVisualStudioVersion = 10.0.40219.1
Project("{9A19103F-16F7-4668-BE54-9A1E7A4F7556}") = "NetworkingUtilities", "NetworkingUtilities\NetworkingUtilities.csproj", "{45ECED5A-A66A-42BF-9D3B-7FDBA6E62313}"
EndProject
Project("{2150E333-8FDC-42A3-9474-1A3956D46DE8}") = "samples", "samples", "{56D5F055-A06A-40D6-8830-C2EF74128A99}"
EndProject
Project("{2150E333-8FDC-42A3-9474-1A3956D46DE8}") = "Lab7", "Lab7", "{B0433F02-6DF8-4749-9886-D7E4E29D6275}"
EndProject
Project("{2150E333-8FDC-42A3-9474-1A3956D46DE8}") = "Lab2", "Lab2", "{4073CB25-5980-4663-A971-2A55C622E336}"
EndProject
Project("{2150E333-8FDC-42A3-9474-1A3956D46DE8}") = "Lab3", "Lab3", "{75FD2C5C-A82D-4B6E-A710-4603EB8392CD}"
EndProject
Project("{2150E333-8FDC-42A3-9474-1A3956D46DE8}") = "Lab4", "Lab4", "{2F47F7F7-18B3-48CA-8189-B166FEE15F38}"
EndProject
Project("{2150E333-8FDC-42A3-9474-1A3956D46DE8}") = "Lab5", "Lab5", "{944277AD-D43A-4664-BCD5-11ACBA988878}"
EndProject
Project("{2150E333-8FDC-42A3-9474-1A3956D46DE8}") = "Lab6", "Lab6", "{289AA1FA-CDC7-4B32-9570-3C3EBC946219}"
EndProject
Project("{2150E333-8FDC-42A3-9474-1A3956D46DE8}") = "Lab8", "Lab8", "{3B5EB7FB-4B96-47A5-949E-DBF687D0FD65}"
EndProject
Project("{2150E333-8FDC-42A3-9474-1A3956D46DE8}") = "TimeServerProject", "TimeServerProject", "{DA640FD9-B948-42CB-BDF3-C0508AE0FF18}"
EndProject
Project("{2150E333-8FDC-42A3-9474-1A3956D46DE8}") = "HttpStorehouse", "HttpStorehouse", "{9F97CC02-86E4-43CD-92B7-C2442D663B05}"
EndProject
Project("{9A19103F-16F7-4668-BE54-9A1E7A4F7556}") = "HttpStorehouse", "samples\Lab8\HttpStorehouse\HttpStorehouse.csproj", "{4B124ACD-59F7-4F12-8408-BFB66B5E61D6}"
EndProject
Project("{2150E333-8FDC-42A3-9474-1A3956D46DE8}") = "UdpBroadcastOrMulticastReceiver", "UdpBroadcastOrMulticastReceiver", "{8D3CDB6C-E74A-41C1-8980-1F85EF2A4AA1}"
EndProject
Project("{2150E333-8FDC-42A3-9474-1A3956D46DE8}") = "UdpBroadcastOrMulticastSender", "UdpBroadcastOrMulticastSender", "{C3100DF9-FF40-4581-BC79-007545983242}"
EndProject
Project("{9A19103F-16F7-4668-BE54-9A1E7A4F7556}") = "UdpBroadcastOrMulticastReceiver", "samples\Lab7\UdpBroadcastOrMulticastReceiver\UdpBroadcastOrMulticastReceiver.csproj", "{82D4A872-93FC-412A-8741-6858CE5FB0FA}"
EndProject
Project("{9A19103F-16F7-4668-BE54-9A1E7A4F7556}") = "UdpMulticastOrBroadcastSender", "samples\Lab7\UdpMulticastOrBroadcastSender\UdpMulticastOrBroadcastSender.csproj", "{223C2E9A-AA91-47C1-A50A-6C79EF6E4618}"
EndProject
Project("{9A19103F-16F7-4668-BE54-9A1E7A4F7556}") = "CustomControls", "CustomControls\CustomControls.csproj", "{23CCD322-B58D-43E0-AC12-E53CED1485ED}"
EndProject
Project("{FAE04EC0-301F-11D3-BF4B-00C04F79EFBC}") = "ThreadingUtilities", "ThreadingUtilities\ThreadingUtilities.csproj", "{0123FB3B-FF65-4EBF-9197-B4836F7AFA97}"
EndProject
Project("{2150E333-8FDC-42A3-9474-1A3956D46DE8}") = "UdpClient", "UdpClient", "{C46B1BDD-265C-4B36-A098-630387025260}"
EndProject
Project("{2150E333-8FDC-42A3-9474-1A3956D46DE8}") = "UdpServer", "UdpServer", "{EA49B60E-81A9-4A99-83EE-7C514ED0C244}"
EndProject
Project("{9A19103F-16F7-4668-BE54-9A1E7A4F7556}") = "UdpClient", "samples\Lab6\UdpClient\UdpClient.csproj", "{7F9C7B9C-B2FD-4B15-ACC7-A2B07266C947}"
EndProject
Project("{9A19103F-16F7-4668-BE54-9A1E7A4F7556}") = "UdpServer", "samples\Lab6\UdpServer\UdpServer.csproj", "{851C5274-4DBD-41A2-AF5C-A9086716FC47}"
EndProject
Project("{2150E333-8FDC-42A3-9474-1A3956D46DE8}") = "NetworkProgramming.Lab5", "NetworkProgramming.Lab5", "{B82B6D1A-DE25-4FFA-819D-BA9F0EF9EE23}"
EndProject
Project("{9A19103F-16F7-4668-BE54-9A1E7A4F7556}") = "NetworkProgramming.Lab5", "samples\Lab5\NetworkProgramming.Lab5\NetworkProgramming.Lab5.csproj", "{17D8715A-EBDC-41A9-B8B3-61C86FB86231}"
EndProject
Project("{2150E333-8FDC-42A3-9474-1A3956D46DE8}") = "NetworkProgramming.Lab4", "NetworkProgramming.Lab4", "{C7DC77E8-EF85-44E9-BAF8-641D4CF361DC}"
EndProject
Project("{2150E333-8FDC-42A3-9474-1A3956D46DE8}") = "Task1", "Task1", "{AADC1EA9-5BD6-4BFE-8515-4CEC29E71E49}"
EndProject
Project("{2150E333-8FDC-42A3-9474-1A3956D46DE8}") = "Task2", "Task2", "{179D8CAD-D50E-4A2B-82B3-C365B707933D}"
EndProject
Project("{2150E333-8FDC-42A3-9474-1A3956D46DE8}") = "Task3", "Task3", "{C3FF30A5-1F3D-49A4-8C22-DA6C0B6136E8}"
EndProject
Project("{2150E333-8FDC-42A3-9474-1A3956D46DE8}") = "Task4", "Task4", "{825594AC-BF61-479E-BDBE-767C85C8ABE1}"
EndProject
Project("{9A19103F-16F7-4668-BE54-9A1E7A4F7556}") = "Task1", "samples\Lab4\NetworkProgramming.Lab4\Task1\Task1.csproj", "{0ED22930-134C-4AA3-83BB-8982ABA49427}"
EndProject
Project("{9A19103F-16F7-4668-BE54-9A1E7A4F7556}") = "Task2", "samples\Lab4\NetworkProgramming.Lab4\Task2\Task2.csproj", "{23FB609F-157B-4070-BD8B-C63C43854C7A}"
EndProject
Project("{9A19103F-16F7-4668-BE54-9A1E7A4F7556}") = "Task3", "samples\Lab4\NetworkProgramming.Lab4\Task3\Task3.csproj", "{7051F641-C419-4F73-9F56-6E8C572F1602}"
EndProject
Project("{9A19103F-16F7-4668-BE54-9A1E7A4F7556}") = "Task4", "samples\Lab4\NetworkProgramming.Lab4\Task4\Task4.csproj", "{09143439-7FE3-4EAE-9C7A-A27F88775CDF}"
EndProject
Project("{2150E333-8FDC-42A3-9474-1A3956D46DE8}") = "NetworkProgramming.Lab3", "NetworkProgramming.Lab3", "{2CE85442-BD42-45C5-B1E3-DF4745554138}"
EndProject
Project("{9A19103F-16F7-4668-BE54-9A1E7A4F7556}") = "NetworkProgramming.Lab3", "samples\Lab3\NetworkProgramming.Lab3\NetworkProgramming.Lab3.csproj", "{861168C5-4196-4BC3-8173-4AE458D833E8}"
EndProject
Project("{2150E333-8FDC-42A3-9474-1A3956D46DE8}") = "NetworkProgramming.Lab2", "NetworkProgramming.Lab2", "{6082153E-E45C-4FF3-8158-7E8B434B6FE6}"
EndProject
Project("{9A19103F-16F7-4668-BE54-9A1E7A4F7556}") = "NetworkProgramming.Lab2", "samples\Lab2\NetworkProgramming.Lab2\NetworkProgramming.Lab2.csproj", "{87458694-473A-47D3-BD97-6B406986F749}"
EndProject
Global
	GlobalSection(SolutionConfigurationPlatforms) = preSolution
		Debug|Any CPU = Debug|Any CPU
		Release|Any CPU = Release|Any CPU
	EndGlobalSection
	GlobalSection(ProjectConfigurationPlatforms) = postSolution
		{45ECED5A-A66A-42BF-9D3B-7FDBA6E62313}.Debug|Any CPU.ActiveCfg = Debug|Any CPU
		{45ECED5A-A66A-42BF-9D3B-7FDBA6E62313}.Debug|Any CPU.Build.0 = Debug|Any CPU
		{45ECED5A-A66A-42BF-9D3B-7FDBA6E62313}.Release|Any CPU.ActiveCfg = Release|Any CPU
		{45ECED5A-A66A-42BF-9D3B-7FDBA6E62313}.Release|Any CPU.Build.0 = Release|Any CPU
		{4B124ACD-59F7-4F12-8408-BFB66B5E61D6}.Debug|Any CPU.ActiveCfg = Debug|Any CPU
		{4B124ACD-59F7-4F12-8408-BFB66B5E61D6}.Debug|Any CPU.Build.0 = Debug|Any CPU
		{4B124ACD-59F7-4F12-8408-BFB66B5E61D6}.Release|Any CPU.ActiveCfg = Release|Any CPU
		{4B124ACD-59F7-4F12-8408-BFB66B5E61D6}.Release|Any CPU.Build.0 = Release|Any CPU
		{82D4A872-93FC-412A-8741-6858CE5FB0FA}.Debug|Any CPU.ActiveCfg = Debug|Any CPU
		{82D4A872-93FC-412A-8741-6858CE5FB0FA}.Debug|Any CPU.Build.0 = Debug|Any CPU
		{82D4A872-93FC-412A-8741-6858CE5FB0FA}.Release|Any CPU.ActiveCfg = Release|Any CPU
		{82D4A872-93FC-412A-8741-6858CE5FB0FA}.Release|Any CPU.Build.0 = Release|Any CPU
		{223C2E9A-AA91-47C1-A50A-6C79EF6E4618}.Debug|Any CPU.ActiveCfg = Debug|Any CPU
		{223C2E9A-AA91-47C1-A50A-6C79EF6E4618}.Debug|Any CPU.Build.0 = Debug|Any CPU
		{223C2E9A-AA91-47C1-A50A-6C79EF6E4618}.Release|Any CPU.ActiveCfg = Release|Any CPU
		{223C2E9A-AA91-47C1-A50A-6C79EF6E4618}.Release|Any CPU.Build.0 = Release|Any CPU
		{23CCD322-B58D-43E0-AC12-E53CED1485ED}.Debug|Any CPU.ActiveCfg = Debug|Any CPU
		{23CCD322-B58D-43E0-AC12-E53CED1485ED}.Debug|Any CPU.Build.0 = Debug|Any CPU
		{23CCD322-B58D-43E0-AC12-E53CED1485ED}.Release|Any CPU.ActiveCfg = Release|Any CPU
		{23CCD322-B58D-43E0-AC12-E53CED1485ED}.Release|Any CPU.Build.0 = Release|Any CPU
		{0123FB3B-FF65-4EBF-9197-B4836F7AFA97}.Debug|Any CPU.ActiveCfg = Debug|Any CPU
		{0123FB3B-FF65-4EBF-9197-B4836F7AFA97}.Debug|Any CPU.Build.0 = Debug|Any CPU
		{0123FB3B-FF65-4EBF-9197-B4836F7AFA97}.Release|Any CPU.ActiveCfg = Release|Any CPU
		{0123FB3B-FF65-4EBF-9197-B4836F7AFA97}.Release|Any CPU.Build.0 = Release|Any CPU
		{7F9C7B9C-B2FD-4B15-ACC7-A2B07266C947}.Debug|Any CPU.ActiveCfg = Debug|Any CPU
		{7F9C7B9C-B2FD-4B15-ACC7-A2B07266C947}.Debug|Any CPU.Build.0 = Debug|Any CPU
		{7F9C7B9C-B2FD-4B15-ACC7-A2B07266C947}.Release|Any CPU.ActiveCfg = Release|Any CPU
		{7F9C7B9C-B2FD-4B15-ACC7-A2B07266C947}.Release|Any CPU.Build.0 = Release|Any CPU
		{851C5274-4DBD-41A2-AF5C-A9086716FC47}.Debug|Any CPU.ActiveCfg = Debug|Any CPU
		{851C5274-4DBD-41A2-AF5C-A9086716FC47}.Debug|Any CPU.Build.0 = Debug|Any CPU
		{851C5274-4DBD-41A2-AF5C-A9086716FC47}.Release|Any CPU.ActiveCfg = Release|Any CPU
		{851C5274-4DBD-41A2-AF5C-A9086716FC47}.Release|Any CPU.Build.0 = Release|Any CPU
		{17D8715A-EBDC-41A9-B8B3-61C86FB86231}.Debug|Any CPU.ActiveCfg = Debug|Any CPU
		{17D8715A-EBDC-41A9-B8B3-61C86FB86231}.Debug|Any CPU.Build.0 = Debug|Any CPU
		{17D8715A-EBDC-41A9-B8B3-61C86FB86231}.Release|Any CPU.ActiveCfg = Release|Any CPU
		{17D8715A-EBDC-41A9-B8B3-61C86FB86231}.Release|Any CPU.Build.0 = Release|Any CPU
		{0ED22930-134C-4AA3-83BB-8982ABA49427}.Debug|Any CPU.ActiveCfg = Debug|Any CPU
		{0ED22930-134C-4AA3-83BB-8982ABA49427}.Debug|Any CPU.Build.0 = Debug|Any CPU
		{0ED22930-134C-4AA3-83BB-8982ABA49427}.Release|Any CPU.ActiveCfg = Release|Any CPU
		{0ED22930-134C-4AA3-83BB-8982ABA49427}.Release|Any CPU.Build.0 = Release|Any CPU
		{23FB609F-157B-4070-BD8B-C63C43854C7A}.Debug|Any CPU.ActiveCfg = Debug|Any CPU
		{23FB609F-157B-4070-BD8B-C63C43854C7A}.Debug|Any CPU.Build.0 = Debug|Any CPU
		{23FB609F-157B-4070-BD8B-C63C43854C7A}.Release|Any CPU.ActiveCfg = Release|Any CPU
		{23FB609F-157B-4070-BD8B-C63C43854C7A}.Release|Any CPU.Build.0 = Release|Any CPU
		{7051F641-C419-4F73-9F56-6E8C572F1602}.Debug|Any CPU.ActiveCfg = Debug|Any CPU
		{7051F641-C419-4F73-9F56-6E8C572F1602}.Debug|Any CPU.Build.0 = Debug|Any CPU
		{7051F641-C419-4F73-9F56-6E8C572F1602}.Release|Any CPU.ActiveCfg = Release|Any CPU
		{7051F641-C419-4F73-9F56-6E8C572F1602}.Release|Any CPU.Build.0 = Release|Any CPU
		{09143439-7FE3-4EAE-9C7A-A27F88775CDF}.Debug|Any CPU.ActiveCfg = Debug|Any CPU
		{09143439-7FE3-4EAE-9C7A-A27F88775CDF}.Debug|Any CPU.Build.0 = Debug|Any CPU
		{09143439-7FE3-4EAE-9C7A-A27F88775CDF}.Release|Any CPU.ActiveCfg = Release|Any CPU
		{09143439-7FE3-4EAE-9C7A-A27F88775CDF}.Release|Any CPU.Build.0 = Release|Any CPU
		{861168C5-4196-4BC3-8173-4AE458D833E8}.Debug|Any CPU.ActiveCfg = Debug|Any CPU
		{861168C5-4196-4BC3-8173-4AE458D833E8}.Debug|Any CPU.Build.0 = Debug|Any CPU
		{861168C5-4196-4BC3-8173-4AE458D833E8}.Release|Any CPU.ActiveCfg = Release|Any CPU
		{861168C5-4196-4BC3-8173-4AE458D833E8}.Release|Any CPU.Build.0 = Release|Any CPU
		{87458694-473A-47D3-BD97-6B406986F749}.Debug|Any CPU.ActiveCfg = Debug|Any CPU
		{87458694-473A-47D3-BD97-6B406986F749}.Debug|Any CPU.Build.0 = Debug|Any CPU
		{87458694-473A-47D3-BD97-6B406986F749}.Release|Any CPU.ActiveCfg = Release|Any CPU
		{87458694-473A-47D3-BD97-6B406986F749}.Release|Any CPU.Build.0 = Release|Any CPU
	EndGlobalSection
	GlobalSection(SolutionProperties) = preSolution
		HideSolutionNode = FALSE
	EndGlobalSection
	GlobalSection(NestedProjects) = preSolution
		{B0433F02-6DF8-4749-9886-D7E4E29D6275} = {56D5F055-A06A-40D6-8830-C2EF74128A99}
		{4073CB25-5980-4663-A971-2A55C622E336} = {56D5F055-A06A-40D6-8830-C2EF74128A99}
		{75FD2C5C-A82D-4B6E-A710-4603EB8392CD} = {56D5F055-A06A-40D6-8830-C2EF74128A99}
		{2F47F7F7-18B3-48CA-8189-B166FEE15F38} = {56D5F055-A06A-40D6-8830-C2EF74128A99}
		{944277AD-D43A-4664-BCD5-11ACBA988878} = {56D5F055-A06A-40D6-8830-C2EF74128A99}
		{289AA1FA-CDC7-4B32-9570-3C3EBC946219} = {56D5F055-A06A-40D6-8830-C2EF74128A99}
		{3B5EB7FB-4B96-47A5-949E-DBF687D0FD65} = {56D5F055-A06A-40D6-8830-C2EF74128A99}
		{DA640FD9-B948-42CB-BDF3-C0508AE0FF18} = {56D5F055-A06A-40D6-8830-C2EF74128A99}
		{9F97CC02-86E4-43CD-92B7-C2442D663B05} = {3B5EB7FB-4B96-47A5-949E-DBF687D0FD65}
		{4B124ACD-59F7-4F12-8408-BFB66B5E61D6} = {9F97CC02-86E4-43CD-92B7-C2442D663B05}
		{8D3CDB6C-E74A-41C1-8980-1F85EF2A4AA1} = {B0433F02-6DF8-4749-9886-D7E4E29D6275}
		{C3100DF9-FF40-4581-BC79-007545983242} = {B0433F02-6DF8-4749-9886-D7E4E29D6275}
		{82D4A872-93FC-412A-8741-6858CE5FB0FA} = {8D3CDB6C-E74A-41C1-8980-1F85EF2A4AA1}
		{223C2E9A-AA91-47C1-A50A-6C79EF6E4618} = {C3100DF9-FF40-4581-BC79-007545983242}
		{C46B1BDD-265C-4B36-A098-630387025260} = {289AA1FA-CDC7-4B32-9570-3C3EBC946219}
		{EA49B60E-81A9-4A99-83EE-7C514ED0C244} = {289AA1FA-CDC7-4B32-9570-3C3EBC946219}
		{7F9C7B9C-B2FD-4B15-ACC7-A2B07266C947} = {C46B1BDD-265C-4B36-A098-630387025260}
		{851C5274-4DBD-41A2-AF5C-A9086716FC47} = {EA49B60E-81A9-4A99-83EE-7C514ED0C244}
		{B82B6D1A-DE25-4FFA-819D-BA9F0EF9EE23} = {944277AD-D43A-4664-BCD5-11ACBA988878}
		{17D8715A-EBDC-41A9-B8B3-61C86FB86231} = {B82B6D1A-DE25-4FFA-819D-BA9F0EF9EE23}
		{C7DC77E8-EF85-44E9-BAF8-641D4CF361DC} = {2F47F7F7-18B3-48CA-8189-B166FEE15F38}
		{AADC1EA9-5BD6-4BFE-8515-4CEC29E71E49} = {C7DC77E8-EF85-44E9-BAF8-641D4CF361DC}
		{179D8CAD-D50E-4A2B-82B3-C365B707933D} = {C7DC77E8-EF85-44E9-BAF8-641D4CF361DC}
		{C3FF30A5-1F3D-49A4-8C22-DA6C0B6136E8} = {C7DC77E8-EF85-44E9-BAF8-641D4CF361DC}
		{825594AC-BF61-479E-BDBE-767C85C8ABE1} = {C7DC77E8-EF85-44E9-BAF8-641D4CF361DC}
		{0ED22930-134C-4AA3-83BB-8982ABA49427} = {AADC1EA9-5BD6-4BFE-8515-4CEC29E71E49}
		{23FB609F-157B-4070-BD8B-C63C43854C7A} = {179D8CAD-D50E-4A2B-82B3-C365B707933D}
		{7051F641-C419-4F73-9F56-6E8C572F1602} = {C3FF30A5-1F3D-49A4-8C22-DA6C0B6136E8}
		{09143439-7FE3-4EAE-9C7A-A27F88775CDF} = {825594AC-BF61-479E-BDBE-767C85C8ABE1}
		{2CE85442-BD42-45C5-B1E3-DF4745554138} = {75FD2C5C-A82D-4B6E-A710-4603EB8392CD}
		{861168C5-4196-4BC3-8173-4AE458D833E8} = {2CE85442-BD42-45C5-B1E3-DF4745554138}
		{6082153E-E45C-4FF3-8158-7E8B434B6FE6} = {4073CB25-5980-4663-A971-2A55C622E336}
		{87458694-473A-47D3-BD97-6B406986F749} = {6082153E-E45C-4FF3-8158-7E8B434B6FE6}
	EndGlobalSection
	GlobalSection(ExtensibilityGlobals) = postSolution
		SolutionGuid = {88D7FA24-0B70-4E51-8FD5-F15F33FEF3E5}
	EndGlobalSection
EndGlobal
