
Microsoft Visual Studio Solution File, Format Version 12.00
# Visual Studio Version 16
VisualStudioVersion = 16.0.29926.136
MinimumVisualStudioVersion = 10.0.40219.1
Project("{FAE04EC0-301F-11D3-BF4B-00C04F79EFBC}") = "UdpServer", "UdpServer\UdpServer.csproj", "{6809F190-BB44-499A-8D1B-80438CB9A98A}"
EndProject
Project("{FAE04EC0-301F-11D3-BF4B-00C04F79EFBC}") = "UdpClient", "UdpClient\UdpClient.csproj", "{5684F563-498F-4CE6-9649-FA2F016465A4}"
EndProject
Project("{FAE04EC0-301F-11D3-BF4B-00C04F79EFBC}") = "CustomControls", "CustomControls\CustomControls.csproj", "{6D4EB657-F3E1-4BB2-A424-D15A6A714B53}"
EndProject
Project("{FAE04EC0-301F-11D3-BF4B-00C04F79EFBC}") = "UdpNetworking", "UdpNetworking\UdpNetworking.csproj", "{59CE3560-5D15-4D9B-940B-0FF6C0318172}"
EndProject
Global
	GlobalSection(SolutionConfigurationPlatforms) = preSolution
		Debug|Any CPU = Debug|Any CPU
		Release|Any CPU = Release|Any CPU
	EndGlobalSection
	GlobalSection(ProjectConfigurationPlatforms) = postSolution
		{6809F190-BB44-499A-8D1B-80438CB9A98A}.Debug|Any CPU.ActiveCfg = Debug|Any CPU
		{6809F190-BB44-499A-8D1B-80438CB9A98A}.Debug|Any CPU.Build.0 = Debug|Any CPU
		{6809F190-BB44-499A-8D1B-80438CB9A98A}.Release|Any CPU.ActiveCfg = Release|Any CPU
		{6809F190-BB44-499A-8D1B-80438CB9A98A}.Release|Any CPU.Build.0 = Release|Any CPU
		{5684F563-498F-4CE6-9649-FA2F016465A4}.Debug|Any CPU.ActiveCfg = Debug|Any CPU
		{5684F563-498F-4CE6-9649-FA2F016465A4}.Debug|Any CPU.Build.0 = Debug|Any CPU
		{5684F563-498F-4CE6-9649-FA2F016465A4}.Release|Any CPU.ActiveCfg = Release|Any CPU
		{5684F563-498F-4CE6-9649-FA2F016465A4}.Release|Any CPU.Build.0 = Release|Any CPU
		{6D4EB657-F3E1-4BB2-A424-D15A6A714B53}.Debug|Any CPU.ActiveCfg = Debug|Any CPU
		{6D4EB657-F3E1-4BB2-A424-D15A6A714B53}.Debug|Any CPU.Build.0 = Debug|Any CPU
		{6D4EB657-F3E1-4BB2-A424-D15A6A714B53}.Release|Any CPU.ActiveCfg = Release|Any CPU
		{6D4EB657-F3E1-4BB2-A424-D15A6A714B53}.Release|Any CPU.Build.0 = Release|Any CPU
		{59CE3560-5D15-4D9B-940B-0FF6C0318172}.Debug|Any CPU.ActiveCfg = Debug|Any CPU
		{59CE3560-5D15-4D9B-940B-0FF6C0318172}.Debug|Any CPU.Build.0 = Debug|Any CPU
		{59CE3560-5D15-4D9B-940B-0FF6C0318172}.Release|Any CPU.ActiveCfg = Release|Any CPU
		{59CE3560-5D15-4D9B-940B-0FF6C0318172}.Release|Any CPU.Build.0 = Release|Any CPU
	EndGlobalSection
	GlobalSection(SolutionProperties) = preSolution
		HideSolutionNode = FALSE
	EndGlobalSection
	GlobalSection(ExtensibilityGlobals) = postSolution
		SolutionGuid = {AF0AA8F7-E899-4058-8B16-23E11015CB9F}
	EndGlobalSection
EndGlobal
